
Microsoft Visual Studio Solution File, Format Version 12.00
# Visual Studio Version 17
VisualStudioVersion = 17.5.33530.505
MinimumVisualStudioVersion = 10.0.40219.1
Project("{FAE04EC0-301F-11D3-BF4B-00C04F79EFBC}") = "MagicVilla_VillaAPI", "MagicVilla_VillaAPI\MagicVilla_VillaAPI.csproj", "{D47E2A10-F034-45CC-AD3A-C4F36AAD0DBE}"
EndProject
Global
	GlobalSection(SolutionConfigurationPlatforms) = preSolution
		Debug|Any CPU = Debug|Any CPU
		Release|Any CPU = Release|Any CPU
	EndGlobalSection
	GlobalSection(ProjectConfigurationPlatforms) = postSolution
		{D47E2A10-F034-45CC-AD3A-C4F36AAD0DBE}.Debug|Any CPU.ActiveCfg = Debug|Any CPU
		{D47E2A10-F034-45CC-AD3A-C4F36AAD0DBE}.Debug|Any CPU.Build.0 = Debug|Any CPU
		{D47E2A10-F034-45CC-AD3A-C4F36AAD0DBE}.Release|Any CPU.ActiveCfg = Release|Any CPU
		{D47E2A10-F034-45CC-AD3A-C4F36AAD0DBE}.Release|Any CPU.Build.0 = Release|Any CPU
	EndGlobalSection
	GlobalSection(SolutionProperties) = preSolution
		HideSolutionNode = FALSE
	EndGlobalSection
	GlobalSection(ExtensibilityGlobals) = postSolution
		SolutionGuid = {0B5CA7B1-05FB-4FE2-B3C6-29670CFE7E48}
	EndGlobalSection
EndGlobal
